
Microsoft Visual Studio Solution File, Format Version 12.00
# Visual Studio Version 17
VisualStudioVersion = 17.7.34031.279
MinimumVisualStudioVersion = 10.0.40219.1
Project("{FAE04EC0-301F-11D3-BF4B-00C04F79EFBC}") = "3003", "3003\3003.csproj", "{375754A1-1AFF-4428-AC2C-1547EE6CCBC5}"
EndProject
Project("{FAE04EC0-301F-11D3-BF4B-00C04F79EFBC}") = "2444", "2444\2444.csproj", "{1D355208-9F06-4C07-99A9-55ACCB127398}"
EndProject
Project("{FAE04EC0-301F-11D3-BF4B-00C04F79EFBC}") = "10988", "10988\10988.csproj", "{1EFBA155-0FED-45B2-939E-D88BD3CCD47F}"
EndProject
Project("{FAE04EC0-301F-11D3-BF4B-00C04F79EFBC}") = "1157", "1157\1157.csproj", "{B1B7E5AD-1958-4493-8F58-FC5468B6DE77}"
EndProject
Project("{FAE04EC0-301F-11D3-BF4B-00C04F79EFBC}") = "2941", "2941\2941.csproj", "{5C1605B1-1ECB-4F3F-932C-E37D54924D9B}"
EndProject
Global
	GlobalSection(SolutionConfigurationPlatforms) = preSolution
		Debug|Any CPU = Debug|Any CPU
		Release|Any CPU = Release|Any CPU
	EndGlobalSection
	GlobalSection(ProjectConfigurationPlatforms) = postSolution
		{375754A1-1AFF-4428-AC2C-1547EE6CCBC5}.Debug|Any CPU.ActiveCfg = Debug|Any CPU
		{375754A1-1AFF-4428-AC2C-1547EE6CCBC5}.Debug|Any CPU.Build.0 = Debug|Any CPU
		{375754A1-1AFF-4428-AC2C-1547EE6CCBC5}.Release|Any CPU.ActiveCfg = Release|Any CPU
		{375754A1-1AFF-4428-AC2C-1547EE6CCBC5}.Release|Any CPU.Build.0 = Release|Any CPU
		{1D355208-9F06-4C07-99A9-55ACCB127398}.Debug|Any CPU.ActiveCfg = Debug|Any CPU
		{1D355208-9F06-4C07-99A9-55ACCB127398}.Debug|Any CPU.Build.0 = Debug|Any CPU
		{1D355208-9F06-4C07-99A9-55ACCB127398}.Release|Any CPU.ActiveCfg = Release|Any CPU
		{1D355208-9F06-4C07-99A9-55ACCB127398}.Release|Any CPU.Build.0 = Release|Any CPU
		{1EFBA155-0FED-45B2-939E-D88BD3CCD47F}.Debug|Any CPU.ActiveCfg = Debug|Any CPU
		{1EFBA155-0FED-45B2-939E-D88BD3CCD47F}.Debug|Any CPU.Build.0 = Debug|Any CPU
		{1EFBA155-0FED-45B2-939E-D88BD3CCD47F}.Release|Any CPU.ActiveCfg = Release|Any CPU
		{1EFBA155-0FED-45B2-939E-D88BD3CCD47F}.Release|Any CPU.Build.0 = Release|Any CPU
		{B1B7E5AD-1958-4493-8F58-FC5468B6DE77}.Debug|Any CPU.ActiveCfg = Debug|Any CPU
		{B1B7E5AD-1958-4493-8F58-FC5468B6DE77}.Debug|Any CPU.Build.0 = Debug|Any CPU
		{B1B7E5AD-1958-4493-8F58-FC5468B6DE77}.Release|Any CPU.ActiveCfg = Release|Any CPU
		{B1B7E5AD-1958-4493-8F58-FC5468B6DE77}.Release|Any CPU.Build.0 = Release|Any CPU
		{5C1605B1-1ECB-4F3F-932C-E37D54924D9B}.Debug|Any CPU.ActiveCfg = Debug|Any CPU
		{5C1605B1-1ECB-4F3F-932C-E37D54924D9B}.Debug|Any CPU.Build.0 = Debug|Any CPU
		{5C1605B1-1ECB-4F3F-932C-E37D54924D9B}.Release|Any CPU.ActiveCfg = Release|Any CPU
		{5C1605B1-1ECB-4F3F-932C-E37D54924D9B}.Release|Any CPU.Build.0 = Release|Any CPU
	EndGlobalSection
	GlobalSection(SolutionProperties) = preSolution
		HideSolutionNode = FALSE
	EndGlobalSection
	GlobalSection(ExtensibilityGlobals) = postSolution
		SolutionGuid = {302A21CE-9C42-4E24-84F2-29857D9DAB2F}
	EndGlobalSection
EndGlobal
