
Microsoft Visual Studio Solution File, Format Version 12.00
# Visual Studio Version 17
VisualStudioVersion = 17.7.34031.279
MinimumVisualStudioVersion = 10.0.40219.1
Project("{9A19103F-16F7-4668-BE54-9A1E7A4F7556}") = "2557.HelloWorld", "HelloWorld\2557.HelloWorld.csproj", "{BF519627-403F-4778-96AB-5DCB559844A9}"
EndProject
Project("{FAE04EC0-301F-11D3-BF4B-00C04F79EFBC}") = "1000.A+B", "1000.A+B\1000.A+B.csproj", "{8F4C379E-A1BE-4887-B5EA-9C64BF07A43D}"
EndProject
Project("{FAE04EC0-301F-11D3-BF4B-00C04F79EFBC}") = "1001.A-B", "1001.A-B\1001.A-B.csproj", "{94CA69B9-B5B0-4743-B307-D40CD5610B44}"
EndProject
Project("{FAE04EC0-301F-11D3-BF4B-00C04F79EFBC}") = "10998.AxB", "10998.AxB\10998.AxB.csproj", "{071A2CA7-7DA4-4C54-B079-AFAAFEA57901}"
EndProject
Project("{FAE04EC0-301F-11D3-BF4B-00C04F79EFBC}") = "1008.AB", "1008.AB\1008.AB.csproj", "{A853A514-616F-4A94-ADD4-A92D71719C38}"
EndProject
Project("{FAE04EC0-301F-11D3-BF4B-00C04F79EFBC}") = "10869.Arithmetic Operations", "10869.Arithmetic Operations\10869.Arithmetic Operations.csproj", "{8868403C-1220-4845-844A-41757B8E51DA}"
EndProject
Project("{FAE04EC0-301F-11D3-BF4B-00C04F79EFBC}") = "10926", "10926\10926.csproj", "{948F5185-B2E9-4944-BE95-9C6EA9865E67}"
EndProject
Project("{FAE04EC0-301F-11D3-BF4B-00C04F79EFBC}") = "18108", "18108\18108.csproj", "{CB3CBBC3-DF17-44F7-BC17-C5304D91C18B}"
EndProject
Project("{FAE04EC0-301F-11D3-BF4B-00C04F79EFBC}") = "10430", "10430\10430.csproj", "{78534C00-B508-41AC-92A5-CBE0F2A18BF7}"
EndProject
Project("{FAE04EC0-301F-11D3-BF4B-00C04F79EFBC}") = "2588", "2588\2588.csproj", "{A303B56C-54D8-4DB3-9DC6-79267C6EE287}"
EndProject
Global
	GlobalSection(SolutionConfigurationPlatforms) = preSolution
		Debug|Any CPU = Debug|Any CPU
		Release|Any CPU = Release|Any CPU
	EndGlobalSection
	GlobalSection(ProjectConfigurationPlatforms) = postSolution
		{BF519627-403F-4778-96AB-5DCB559844A9}.Debug|Any CPU.ActiveCfg = Debug|Any CPU
		{BF519627-403F-4778-96AB-5DCB559844A9}.Debug|Any CPU.Build.0 = Debug|Any CPU
		{BF519627-403F-4778-96AB-5DCB559844A9}.Release|Any CPU.ActiveCfg = Release|Any CPU
		{BF519627-403F-4778-96AB-5DCB559844A9}.Release|Any CPU.Build.0 = Release|Any CPU
		{8F4C379E-A1BE-4887-B5EA-9C64BF07A43D}.Debug|Any CPU.ActiveCfg = Debug|Any CPU
		{8F4C379E-A1BE-4887-B5EA-9C64BF07A43D}.Debug|Any CPU.Build.0 = Debug|Any CPU
		{8F4C379E-A1BE-4887-B5EA-9C64BF07A43D}.Release|Any CPU.ActiveCfg = Release|Any CPU
		{8F4C379E-A1BE-4887-B5EA-9C64BF07A43D}.Release|Any CPU.Build.0 = Release|Any CPU
		{94CA69B9-B5B0-4743-B307-D40CD5610B44}.Debug|Any CPU.ActiveCfg = Debug|Any CPU
		{94CA69B9-B5B0-4743-B307-D40CD5610B44}.Debug|Any CPU.Build.0 = Debug|Any CPU
		{94CA69B9-B5B0-4743-B307-D40CD5610B44}.Release|Any CPU.ActiveCfg = Release|Any CPU
		{94CA69B9-B5B0-4743-B307-D40CD5610B44}.Release|Any CPU.Build.0 = Release|Any CPU
		{071A2CA7-7DA4-4C54-B079-AFAAFEA57901}.Debug|Any CPU.ActiveCfg = Debug|Any CPU
		{071A2CA7-7DA4-4C54-B079-AFAAFEA57901}.Debug|Any CPU.Build.0 = Debug|Any CPU
		{071A2CA7-7DA4-4C54-B079-AFAAFEA57901}.Release|Any CPU.ActiveCfg = Release|Any CPU
		{071A2CA7-7DA4-4C54-B079-AFAAFEA57901}.Release|Any CPU.Build.0 = Release|Any CPU
		{A853A514-616F-4A94-ADD4-A92D71719C38}.Debug|Any CPU.ActiveCfg = Debug|Any CPU
		{A853A514-616F-4A94-ADD4-A92D71719C38}.Debug|Any CPU.Build.0 = Debug|Any CPU
		{A853A514-616F-4A94-ADD4-A92D71719C38}.Release|Any CPU.ActiveCfg = Release|Any CPU
		{A853A514-616F-4A94-ADD4-A92D71719C38}.Release|Any CPU.Build.0 = Release|Any CPU
		{8868403C-1220-4845-844A-41757B8E51DA}.Debug|Any CPU.ActiveCfg = Debug|Any CPU
		{8868403C-1220-4845-844A-41757B8E51DA}.Debug|Any CPU.Build.0 = Debug|Any CPU
		{8868403C-1220-4845-844A-41757B8E51DA}.Release|Any CPU.ActiveCfg = Release|Any CPU
		{8868403C-1220-4845-844A-41757B8E51DA}.Release|Any CPU.Build.0 = Release|Any CPU
		{948F5185-B2E9-4944-BE95-9C6EA9865E67}.Debug|Any CPU.ActiveCfg = Debug|Any CPU
		{948F5185-B2E9-4944-BE95-9C6EA9865E67}.Debug|Any CPU.Build.0 = Debug|Any CPU
		{948F5185-B2E9-4944-BE95-9C6EA9865E67}.Release|Any CPU.ActiveCfg = Release|Any CPU
		{948F5185-B2E9-4944-BE95-9C6EA9865E67}.Release|Any CPU.Build.0 = Release|Any CPU
		{CB3CBBC3-DF17-44F7-BC17-C5304D91C18B}.Debug|Any CPU.ActiveCfg = Debug|Any CPU
		{CB3CBBC3-DF17-44F7-BC17-C5304D91C18B}.Debug|Any CPU.Build.0 = Debug|Any CPU
		{CB3CBBC3-DF17-44F7-BC17-C5304D91C18B}.Release|Any CPU.ActiveCfg = Release|Any CPU
		{CB3CBBC3-DF17-44F7-BC17-C5304D91C18B}.Release|Any CPU.Build.0 = Release|Any CPU
		{78534C00-B508-41AC-92A5-CBE0F2A18BF7}.Debug|Any CPU.ActiveCfg = Debug|Any CPU
		{78534C00-B508-41AC-92A5-CBE0F2A18BF7}.Debug|Any CPU.Build.0 = Debug|Any CPU
		{78534C00-B508-41AC-92A5-CBE0F2A18BF7}.Release|Any CPU.ActiveCfg = Release|Any CPU
		{78534C00-B508-41AC-92A5-CBE0F2A18BF7}.Release|Any CPU.Build.0 = Release|Any CPU
		{A303B56C-54D8-4DB3-9DC6-79267C6EE287}.Debug|Any CPU.ActiveCfg = Debug|Any CPU
		{A303B56C-54D8-4DB3-9DC6-79267C6EE287}.Debug|Any CPU.Build.0 = Debug|Any CPU
		{A303B56C-54D8-4DB3-9DC6-79267C6EE287}.Release|Any CPU.ActiveCfg = Release|Any CPU
		{A303B56C-54D8-4DB3-9DC6-79267C6EE287}.Release|Any CPU.Build.0 = Release|Any CPU
	EndGlobalSection
	GlobalSection(SolutionProperties) = preSolution
		HideSolutionNode = FALSE
	EndGlobalSection
	GlobalSection(ExtensibilityGlobals) = postSolution
		SolutionGuid = {A7F0167C-F9F6-44F4-870E-CB45AD6A7CC4}
	EndGlobalSection
EndGlobal
