
Microsoft Visual Studio Solution File, Format Version 12.00
# Visual Studio Version 17
VisualStudioVersion = 17.7.34031.279
MinimumVisualStudioVersion = 10.0.40219.1
Project("{FAE04EC0-301F-11D3-BF4B-00C04F79EFBC}") = "2557.HelloWorld", "HelloWorld\2557.HelloWorld.csproj", "{BF519627-403F-4778-96AB-5DCB559844A9}"
EndProject
Global
	GlobalSection(SolutionConfigurationPlatforms) = preSolution
		Debug|Any CPU = Debug|Any CPU
		Release|Any CPU = Release|Any CPU
	EndGlobalSection
	GlobalSection(ProjectConfigurationPlatforms) = postSolution
		{BF519627-403F-4778-96AB-5DCB559844A9}.Debug|Any CPU.ActiveCfg = Debug|Any CPU
		{BF519627-403F-4778-96AB-5DCB559844A9}.Debug|Any CPU.Build.0 = Debug|Any CPU
		{BF519627-403F-4778-96AB-5DCB559844A9}.Release|Any CPU.ActiveCfg = Release|Any CPU
		{BF519627-403F-4778-96AB-5DCB559844A9}.Release|Any CPU.Build.0 = Release|Any CPU
	EndGlobalSection
	GlobalSection(SolutionProperties) = preSolution
		HideSolutionNode = FALSE
	EndGlobalSection
	GlobalSection(ExtensibilityGlobals) = postSolution
		SolutionGuid = {A7F0167C-F9F6-44F4-870E-CB45AD6A7CC4}
	EndGlobalSection
EndGlobal
