
Microsoft Visual Studio Solution File, Format Version 12.00
# Visual Studio Version 17
VisualStudioVersion = 17.7.34031.279
MinimumVisualStudioVersion = 10.0.40219.1
Project("{FAE04EC0-301F-11D3-BF4B-00C04F79EFBC}") = "10807", "10807\10807.csproj", "{B6AE1862-10AC-4EED-8142-0C9BD073771F}"
EndProject
Project("{FAE04EC0-301F-11D3-BF4B-00C04F79EFBC}") = "10871", "10871\10871.csproj", "{0638B8F8-765E-4E65-8CC7-173EE00EDD2B}"
EndProject
Project("{FAE04EC0-301F-11D3-BF4B-00C04F79EFBC}") = "10818", "10818\10818.csproj", "{814032ED-FBBD-4ED3-A58A-F4AFE17EBD9E}"
EndProject
Global
	GlobalSection(SolutionConfigurationPlatforms) = preSolution
		Debug|Any CPU = Debug|Any CPU
		Release|Any CPU = Release|Any CPU
	EndGlobalSection
	GlobalSection(ProjectConfigurationPlatforms) = postSolution
		{B6AE1862-10AC-4EED-8142-0C9BD073771F}.Debug|Any CPU.ActiveCfg = Debug|Any CPU
		{B6AE1862-10AC-4EED-8142-0C9BD073771F}.Debug|Any CPU.Build.0 = Debug|Any CPU
		{B6AE1862-10AC-4EED-8142-0C9BD073771F}.Release|Any CPU.ActiveCfg = Release|Any CPU
		{B6AE1862-10AC-4EED-8142-0C9BD073771F}.Release|Any CPU.Build.0 = Release|Any CPU
		{0638B8F8-765E-4E65-8CC7-173EE00EDD2B}.Debug|Any CPU.ActiveCfg = Debug|Any CPU
		{0638B8F8-765E-4E65-8CC7-173EE00EDD2B}.Debug|Any CPU.Build.0 = Debug|Any CPU
		{0638B8F8-765E-4E65-8CC7-173EE00EDD2B}.Release|Any CPU.ActiveCfg = Release|Any CPU
		{0638B8F8-765E-4E65-8CC7-173EE00EDD2B}.Release|Any CPU.Build.0 = Release|Any CPU
		{814032ED-FBBD-4ED3-A58A-F4AFE17EBD9E}.Debug|Any CPU.ActiveCfg = Debug|Any CPU
		{814032ED-FBBD-4ED3-A58A-F4AFE17EBD9E}.Debug|Any CPU.Build.0 = Debug|Any CPU
		{814032ED-FBBD-4ED3-A58A-F4AFE17EBD9E}.Release|Any CPU.ActiveCfg = Release|Any CPU
		{814032ED-FBBD-4ED3-A58A-F4AFE17EBD9E}.Release|Any CPU.Build.0 = Release|Any CPU
	EndGlobalSection
	GlobalSection(SolutionProperties) = preSolution
		HideSolutionNode = FALSE
	EndGlobalSection
	GlobalSection(ExtensibilityGlobals) = postSolution
		SolutionGuid = {8A9CCBFB-29A0-49C3-AC8D-CF20B05C8370}
	EndGlobalSection
EndGlobal
