
Microsoft Visual Studio Solution File, Format Version 12.00
# Visual Studio Version 17
VisualStudioVersion = 17.7.34031.279
MinimumVisualStudioVersion = 10.0.40219.1
Project("{9A19103F-16F7-4668-BE54-9A1E7A4F7556}") = "27866", "27866\27866.csproj", "{C5F38F68-CFF4-47A5-88DB-2B028982EDD2}"
EndProject
Project("{9A19103F-16F7-4668-BE54-9A1E7A4F7556}") = "2743", "2743\2743.csproj", "{787485E3-EA01-4C1F-A00D-AB7A3AD29AE1}"
EndProject
Project("{9A19103F-16F7-4668-BE54-9A1E7A4F7556}") = "9086", "9086\9086.csproj", "{F54B0C05-6A0A-4DBC-9BF3-1C1064048450}"
EndProject
Project("{9A19103F-16F7-4668-BE54-9A1E7A4F7556}") = "11654", "11654\11654.csproj", "{68CBB880-5477-49D8-9725-FDEB93821B17}"
EndProject
Project("{9A19103F-16F7-4668-BE54-9A1E7A4F7556}") = "11720", "11720\11720.csproj", "{7727346A-D56F-42D5-9F47-FD422F9B7147}"
EndProject
Project("{9A19103F-16F7-4668-BE54-9A1E7A4F7556}") = "10809", "10809\10809.csproj", "{7C0EFEB7-641D-4FAB-BB77-E282750152C1}"
EndProject
Project("{9A19103F-16F7-4668-BE54-9A1E7A4F7556}") = "2675", "2675\2675.csproj", "{9BE34CF5-5582-4685-BFB1-F28F23FBD593}"
EndProject
Project("{FAE04EC0-301F-11D3-BF4B-00C04F79EFBC}") = "1152", "1152\1152.csproj", "{48D1DD90-4D62-449B-8B5A-BD86053960E2}"
EndProject
Project("{FAE04EC0-301F-11D3-BF4B-00C04F79EFBC}") = "2908", "2908\2908.csproj", "{58C723CA-7729-4D80-AAEB-6B22CAC05318}"
EndProject
Project("{FAE04EC0-301F-11D3-BF4B-00C04F79EFBC}") = "5622", "5622\5622.csproj", "{946F83BB-48C1-4E93-B2F0-D4B2F0FB936F}"
EndProject
Project("{FAE04EC0-301F-11D3-BF4B-00C04F79EFBC}") = "11718", "11718\11718.csproj", "{CB285A52-4634-4CA9-8A0B-74ADCEF6AFE7}"
EndProject
Global
	GlobalSection(SolutionConfigurationPlatforms) = preSolution
		Debug|Any CPU = Debug|Any CPU
		Release|Any CPU = Release|Any CPU
	EndGlobalSection
	GlobalSection(ProjectConfigurationPlatforms) = postSolution
		{C5F38F68-CFF4-47A5-88DB-2B028982EDD2}.Debug|Any CPU.ActiveCfg = Debug|Any CPU
		{C5F38F68-CFF4-47A5-88DB-2B028982EDD2}.Debug|Any CPU.Build.0 = Debug|Any CPU
		{C5F38F68-CFF4-47A5-88DB-2B028982EDD2}.Release|Any CPU.ActiveCfg = Release|Any CPU
		{C5F38F68-CFF4-47A5-88DB-2B028982EDD2}.Release|Any CPU.Build.0 = Release|Any CPU
		{787485E3-EA01-4C1F-A00D-AB7A3AD29AE1}.Debug|Any CPU.ActiveCfg = Debug|Any CPU
		{787485E3-EA01-4C1F-A00D-AB7A3AD29AE1}.Debug|Any CPU.Build.0 = Debug|Any CPU
		{787485E3-EA01-4C1F-A00D-AB7A3AD29AE1}.Release|Any CPU.ActiveCfg = Release|Any CPU
		{787485E3-EA01-4C1F-A00D-AB7A3AD29AE1}.Release|Any CPU.Build.0 = Release|Any CPU
		{F54B0C05-6A0A-4DBC-9BF3-1C1064048450}.Debug|Any CPU.ActiveCfg = Debug|Any CPU
		{F54B0C05-6A0A-4DBC-9BF3-1C1064048450}.Debug|Any CPU.Build.0 = Debug|Any CPU
		{F54B0C05-6A0A-4DBC-9BF3-1C1064048450}.Release|Any CPU.ActiveCfg = Release|Any CPU
		{F54B0C05-6A0A-4DBC-9BF3-1C1064048450}.Release|Any CPU.Build.0 = Release|Any CPU
		{68CBB880-5477-49D8-9725-FDEB93821B17}.Debug|Any CPU.ActiveCfg = Debug|Any CPU
		{68CBB880-5477-49D8-9725-FDEB93821B17}.Debug|Any CPU.Build.0 = Debug|Any CPU
		{68CBB880-5477-49D8-9725-FDEB93821B17}.Release|Any CPU.ActiveCfg = Release|Any CPU
		{68CBB880-5477-49D8-9725-FDEB93821B17}.Release|Any CPU.Build.0 = Release|Any CPU
		{7727346A-D56F-42D5-9F47-FD422F9B7147}.Debug|Any CPU.ActiveCfg = Debug|Any CPU
		{7727346A-D56F-42D5-9F47-FD422F9B7147}.Debug|Any CPU.Build.0 = Debug|Any CPU
		{7727346A-D56F-42D5-9F47-FD422F9B7147}.Release|Any CPU.ActiveCfg = Release|Any CPU
		{7727346A-D56F-42D5-9F47-FD422F9B7147}.Release|Any CPU.Build.0 = Release|Any CPU
		{7C0EFEB7-641D-4FAB-BB77-E282750152C1}.Debug|Any CPU.ActiveCfg = Debug|Any CPU
		{7C0EFEB7-641D-4FAB-BB77-E282750152C1}.Debug|Any CPU.Build.0 = Debug|Any CPU
		{7C0EFEB7-641D-4FAB-BB77-E282750152C1}.Release|Any CPU.ActiveCfg = Release|Any CPU
		{7C0EFEB7-641D-4FAB-BB77-E282750152C1}.Release|Any CPU.Build.0 = Release|Any CPU
		{9BE34CF5-5582-4685-BFB1-F28F23FBD593}.Debug|Any CPU.ActiveCfg = Debug|Any CPU
		{9BE34CF5-5582-4685-BFB1-F28F23FBD593}.Debug|Any CPU.Build.0 = Debug|Any CPU
		{9BE34CF5-5582-4685-BFB1-F28F23FBD593}.Release|Any CPU.ActiveCfg = Release|Any CPU
		{9BE34CF5-5582-4685-BFB1-F28F23FBD593}.Release|Any CPU.Build.0 = Release|Any CPU
		{48D1DD90-4D62-449B-8B5A-BD86053960E2}.Debug|Any CPU.ActiveCfg = Debug|Any CPU
		{48D1DD90-4D62-449B-8B5A-BD86053960E2}.Debug|Any CPU.Build.0 = Debug|Any CPU
		{48D1DD90-4D62-449B-8B5A-BD86053960E2}.Release|Any CPU.ActiveCfg = Release|Any CPU
		{48D1DD90-4D62-449B-8B5A-BD86053960E2}.Release|Any CPU.Build.0 = Release|Any CPU
		{58C723CA-7729-4D80-AAEB-6B22CAC05318}.Debug|Any CPU.ActiveCfg = Debug|Any CPU
		{58C723CA-7729-4D80-AAEB-6B22CAC05318}.Debug|Any CPU.Build.0 = Debug|Any CPU
		{58C723CA-7729-4D80-AAEB-6B22CAC05318}.Release|Any CPU.ActiveCfg = Release|Any CPU
		{58C723CA-7729-4D80-AAEB-6B22CAC05318}.Release|Any CPU.Build.0 = Release|Any CPU
		{946F83BB-48C1-4E93-B2F0-D4B2F0FB936F}.Debug|Any CPU.ActiveCfg = Debug|Any CPU
		{946F83BB-48C1-4E93-B2F0-D4B2F0FB936F}.Debug|Any CPU.Build.0 = Debug|Any CPU
		{946F83BB-48C1-4E93-B2F0-D4B2F0FB936F}.Release|Any CPU.ActiveCfg = Release|Any CPU
		{946F83BB-48C1-4E93-B2F0-D4B2F0FB936F}.Release|Any CPU.Build.0 = Release|Any CPU
		{CB285A52-4634-4CA9-8A0B-74ADCEF6AFE7}.Debug|Any CPU.ActiveCfg = Debug|Any CPU
		{CB285A52-4634-4CA9-8A0B-74ADCEF6AFE7}.Debug|Any CPU.Build.0 = Debug|Any CPU
		{CB285A52-4634-4CA9-8A0B-74ADCEF6AFE7}.Release|Any CPU.ActiveCfg = Release|Any CPU
		{CB285A52-4634-4CA9-8A0B-74ADCEF6AFE7}.Release|Any CPU.Build.0 = Release|Any CPU
	EndGlobalSection
	GlobalSection(SolutionProperties) = preSolution
		HideSolutionNode = FALSE
	EndGlobalSection
	GlobalSection(ExtensibilityGlobals) = postSolution
		SolutionGuid = {C1D9CC25-6325-46E5-B4C7-97E24CB9E167}
	EndGlobalSection
EndGlobal
