
Microsoft Visual Studio Solution File, Format Version 12.00
# Visual Studio Version 17
VisualStudioVersion = 17.7.34031.279
MinimumVisualStudioVersion = 10.0.40219.1
Project("{FAE04EC0-301F-11D3-BF4B-00C04F79EFBC}") = "27866", "27866\27866.csproj", "{C5F38F68-CFF4-47A5-88DB-2B028982EDD2}"
EndProject
Project("{FAE04EC0-301F-11D3-BF4B-00C04F79EFBC}") = "2743", "2743\2743.csproj", "{787485E3-EA01-4C1F-A00D-AB7A3AD29AE1}"
EndProject
Project("{FAE04EC0-301F-11D3-BF4B-00C04F79EFBC}") = "9086", "9086\9086.csproj", "{F54B0C05-6A0A-4DBC-9BF3-1C1064048450}"
EndProject
Global
	GlobalSection(SolutionConfigurationPlatforms) = preSolution
		Debug|Any CPU = Debug|Any CPU
		Release|Any CPU = Release|Any CPU
	EndGlobalSection
	GlobalSection(ProjectConfigurationPlatforms) = postSolution
		{C5F38F68-CFF4-47A5-88DB-2B028982EDD2}.Debug|Any CPU.ActiveCfg = Debug|Any CPU
		{C5F38F68-CFF4-47A5-88DB-2B028982EDD2}.Debug|Any CPU.Build.0 = Debug|Any CPU
		{C5F38F68-CFF4-47A5-88DB-2B028982EDD2}.Release|Any CPU.ActiveCfg = Release|Any CPU
		{C5F38F68-CFF4-47A5-88DB-2B028982EDD2}.Release|Any CPU.Build.0 = Release|Any CPU
		{787485E3-EA01-4C1F-A00D-AB7A3AD29AE1}.Debug|Any CPU.ActiveCfg = Debug|Any CPU
		{787485E3-EA01-4C1F-A00D-AB7A3AD29AE1}.Debug|Any CPU.Build.0 = Debug|Any CPU
		{787485E3-EA01-4C1F-A00D-AB7A3AD29AE1}.Release|Any CPU.ActiveCfg = Release|Any CPU
		{787485E3-EA01-4C1F-A00D-AB7A3AD29AE1}.Release|Any CPU.Build.0 = Release|Any CPU
		{F54B0C05-6A0A-4DBC-9BF3-1C1064048450}.Debug|Any CPU.ActiveCfg = Debug|Any CPU
		{F54B0C05-6A0A-4DBC-9BF3-1C1064048450}.Debug|Any CPU.Build.0 = Debug|Any CPU
		{F54B0C05-6A0A-4DBC-9BF3-1C1064048450}.Release|Any CPU.ActiveCfg = Release|Any CPU
		{F54B0C05-6A0A-4DBC-9BF3-1C1064048450}.Release|Any CPU.Build.0 = Release|Any CPU
	EndGlobalSection
	GlobalSection(SolutionProperties) = preSolution
		HideSolutionNode = FALSE
	EndGlobalSection
	GlobalSection(ExtensibilityGlobals) = postSolution
		SolutionGuid = {C1D9CC25-6325-46E5-B4C7-97E24CB9E167}
	EndGlobalSection
EndGlobal
