
Microsoft Visual Studio Solution File, Format Version 12.00
# Visual Studio Version 17
VisualStudioVersion = 17.7.34031.279
MinimumVisualStudioVersion = 10.0.40219.1
Project("{FAE04EC0-301F-11D3-BF4B-00C04F79EFBC}") = "2739", "2739\2739.csproj", "{72975B9D-45E0-480F-9F79-CE4820175276}"
EndProject
Project("{FAE04EC0-301F-11D3-BF4B-00C04F79EFBC}") = "10950", "10950\10950.csproj", "{BA9C2F2C-B5D4-4C3D-B930-A94CCB8976B0}"
EndProject
Project("{FAE04EC0-301F-11D3-BF4B-00C04F79EFBC}") = "8393", "8393\8393.csproj", "{1F9BAFC9-7F70-4ECA-B848-747E70B21C54}"
EndProject
Project("{FAE04EC0-301F-11D3-BF4B-00C04F79EFBC}") = "25304", "25304\25304.csproj", "{85ED66F8-B4A7-4B01-9EB2-5F4047A89D01}"
EndProject
Project("{FAE04EC0-301F-11D3-BF4B-00C04F79EFBC}") = "25314", "25314\25314.csproj", "{DB308136-B738-4C98-86A2-90E6954DCE3B}"
EndProject
Project("{FAE04EC0-301F-11D3-BF4B-00C04F79EFBC}") = "15552", "15552\15552.csproj", "{C4D65E6F-7C4F-4E1E-8EBB-E1CD7843EFD9}"
EndProject
Project("{FAE04EC0-301F-11D3-BF4B-00C04F79EFBC}") = "11021", "11021\11021.csproj", "{AFDE2254-1F6C-4828-98BB-B4ED07754C5A}"
EndProject
Project("{FAE04EC0-301F-11D3-BF4B-00C04F79EFBC}") = "11022", "11022\11022.csproj", "{EC72A075-0D03-463A-A1E5-10E48AA5E65C}"
EndProject
Project("{FAE04EC0-301F-11D3-BF4B-00C04F79EFBC}") = "2438", "2438\2438.csproj", "{8DBB0D9C-DF2D-465F-B4D3-DEACCB465220}"
EndProject
Global
	GlobalSection(SolutionConfigurationPlatforms) = preSolution
		Debug|Any CPU = Debug|Any CPU
		Release|Any CPU = Release|Any CPU
	EndGlobalSection
	GlobalSection(ProjectConfigurationPlatforms) = postSolution
		{72975B9D-45E0-480F-9F79-CE4820175276}.Debug|Any CPU.ActiveCfg = Debug|Any CPU
		{72975B9D-45E0-480F-9F79-CE4820175276}.Debug|Any CPU.Build.0 = Debug|Any CPU
		{72975B9D-45E0-480F-9F79-CE4820175276}.Release|Any CPU.ActiveCfg = Release|Any CPU
		{72975B9D-45E0-480F-9F79-CE4820175276}.Release|Any CPU.Build.0 = Release|Any CPU
		{BA9C2F2C-B5D4-4C3D-B930-A94CCB8976B0}.Debug|Any CPU.ActiveCfg = Debug|Any CPU
		{BA9C2F2C-B5D4-4C3D-B930-A94CCB8976B0}.Debug|Any CPU.Build.0 = Debug|Any CPU
		{BA9C2F2C-B5D4-4C3D-B930-A94CCB8976B0}.Release|Any CPU.ActiveCfg = Release|Any CPU
		{BA9C2F2C-B5D4-4C3D-B930-A94CCB8976B0}.Release|Any CPU.Build.0 = Release|Any CPU
		{1F9BAFC9-7F70-4ECA-B848-747E70B21C54}.Debug|Any CPU.ActiveCfg = Debug|Any CPU
		{1F9BAFC9-7F70-4ECA-B848-747E70B21C54}.Debug|Any CPU.Build.0 = Debug|Any CPU
		{1F9BAFC9-7F70-4ECA-B848-747E70B21C54}.Release|Any CPU.ActiveCfg = Release|Any CPU
		{1F9BAFC9-7F70-4ECA-B848-747E70B21C54}.Release|Any CPU.Build.0 = Release|Any CPU
		{85ED66F8-B4A7-4B01-9EB2-5F4047A89D01}.Debug|Any CPU.ActiveCfg = Debug|Any CPU
		{85ED66F8-B4A7-4B01-9EB2-5F4047A89D01}.Debug|Any CPU.Build.0 = Debug|Any CPU
		{85ED66F8-B4A7-4B01-9EB2-5F4047A89D01}.Release|Any CPU.ActiveCfg = Release|Any CPU
		{85ED66F8-B4A7-4B01-9EB2-5F4047A89D01}.Release|Any CPU.Build.0 = Release|Any CPU
		{DB308136-B738-4C98-86A2-90E6954DCE3B}.Debug|Any CPU.ActiveCfg = Debug|Any CPU
		{DB308136-B738-4C98-86A2-90E6954DCE3B}.Debug|Any CPU.Build.0 = Debug|Any CPU
		{DB308136-B738-4C98-86A2-90E6954DCE3B}.Release|Any CPU.ActiveCfg = Release|Any CPU
		{DB308136-B738-4C98-86A2-90E6954DCE3B}.Release|Any CPU.Build.0 = Release|Any CPU
		{C4D65E6F-7C4F-4E1E-8EBB-E1CD7843EFD9}.Debug|Any CPU.ActiveCfg = Debug|Any CPU
		{C4D65E6F-7C4F-4E1E-8EBB-E1CD7843EFD9}.Debug|Any CPU.Build.0 = Debug|Any CPU
		{C4D65E6F-7C4F-4E1E-8EBB-E1CD7843EFD9}.Release|Any CPU.ActiveCfg = Release|Any CPU
		{C4D65E6F-7C4F-4E1E-8EBB-E1CD7843EFD9}.Release|Any CPU.Build.0 = Release|Any CPU
		{AFDE2254-1F6C-4828-98BB-B4ED07754C5A}.Debug|Any CPU.ActiveCfg = Debug|Any CPU
		{AFDE2254-1F6C-4828-98BB-B4ED07754C5A}.Debug|Any CPU.Build.0 = Debug|Any CPU
		{AFDE2254-1F6C-4828-98BB-B4ED07754C5A}.Release|Any CPU.ActiveCfg = Release|Any CPU
		{AFDE2254-1F6C-4828-98BB-B4ED07754C5A}.Release|Any CPU.Build.0 = Release|Any CPU
		{EC72A075-0D03-463A-A1E5-10E48AA5E65C}.Debug|Any CPU.ActiveCfg = Debug|Any CPU
		{EC72A075-0D03-463A-A1E5-10E48AA5E65C}.Debug|Any CPU.Build.0 = Debug|Any CPU
		{EC72A075-0D03-463A-A1E5-10E48AA5E65C}.Release|Any CPU.ActiveCfg = Release|Any CPU
		{EC72A075-0D03-463A-A1E5-10E48AA5E65C}.Release|Any CPU.Build.0 = Release|Any CPU
		{8DBB0D9C-DF2D-465F-B4D3-DEACCB465220}.Debug|Any CPU.ActiveCfg = Debug|Any CPU
		{8DBB0D9C-DF2D-465F-B4D3-DEACCB465220}.Debug|Any CPU.Build.0 = Debug|Any CPU
		{8DBB0D9C-DF2D-465F-B4D3-DEACCB465220}.Release|Any CPU.ActiveCfg = Release|Any CPU
		{8DBB0D9C-DF2D-465F-B4D3-DEACCB465220}.Release|Any CPU.Build.0 = Release|Any CPU
	EndGlobalSection
	GlobalSection(SolutionProperties) = preSolution
		HideSolutionNode = FALSE
	EndGlobalSection
	GlobalSection(ExtensibilityGlobals) = postSolution
		SolutionGuid = {CECB83CA-04AF-40E2-92A9-153A8F9E2CF1}
	EndGlobalSection
EndGlobal
