
Microsoft Visual Studio Solution File, Format Version 12.00
# Visual Studio Version 17
VisualStudioVersion = 17.7.34031.279
MinimumVisualStudioVersion = 10.0.40219.1
Project("{9A19103F-16F7-4668-BE54-9A1E7A4F7556}") = "1330", "1330\1330.csproj", "{05DA8C7E-5845-4E29-A7BC-03D86303B2E1}"
EndProject
Project("{FAE04EC0-301F-11D3-BF4B-00C04F79EFBC}") = "9498", "9498\9498.csproj", "{4898F3A3-FE1B-4D6C-B286-B98637040BFF}"
EndProject
Project("{FAE04EC0-301F-11D3-BF4B-00C04F79EFBC}") = "2753", "2753\2753.csproj", "{DA03B999-A8A1-4E4C-9C68-8F610D76BBBB}"
EndProject
Project("{FAE04EC0-301F-11D3-BF4B-00C04F79EFBC}") = "14681", "14681\14681.csproj", "{56A8F653-8D07-4CED-BCAC-5E4F1C828B04}"
EndProject
Project("{FAE04EC0-301F-11D3-BF4B-00C04F79EFBC}") = "2884", "2884\2884.csproj", "{37EF51FB-7490-4EE8-A952-3EE333A6C44C}"
EndProject
Project("{FAE04EC0-301F-11D3-BF4B-00C04F79EFBC}") = "2525", "2525\2525.csproj", "{85D423B8-A6D2-46D1-9351-3397ACA2B9E0}"
EndProject
Global
	GlobalSection(SolutionConfigurationPlatforms) = preSolution
		Debug|Any CPU = Debug|Any CPU
		Release|Any CPU = Release|Any CPU
	EndGlobalSection
	GlobalSection(ProjectConfigurationPlatforms) = postSolution
		{05DA8C7E-5845-4E29-A7BC-03D86303B2E1}.Debug|Any CPU.ActiveCfg = Debug|Any CPU
		{05DA8C7E-5845-4E29-A7BC-03D86303B2E1}.Debug|Any CPU.Build.0 = Debug|Any CPU
		{05DA8C7E-5845-4E29-A7BC-03D86303B2E1}.Release|Any CPU.ActiveCfg = Release|Any CPU
		{05DA8C7E-5845-4E29-A7BC-03D86303B2E1}.Release|Any CPU.Build.0 = Release|Any CPU
		{4898F3A3-FE1B-4D6C-B286-B98637040BFF}.Debug|Any CPU.ActiveCfg = Debug|Any CPU
		{4898F3A3-FE1B-4D6C-B286-B98637040BFF}.Debug|Any CPU.Build.0 = Debug|Any CPU
		{4898F3A3-FE1B-4D6C-B286-B98637040BFF}.Release|Any CPU.ActiveCfg = Release|Any CPU
		{4898F3A3-FE1B-4D6C-B286-B98637040BFF}.Release|Any CPU.Build.0 = Release|Any CPU
		{DA03B999-A8A1-4E4C-9C68-8F610D76BBBB}.Debug|Any CPU.ActiveCfg = Debug|Any CPU
		{DA03B999-A8A1-4E4C-9C68-8F610D76BBBB}.Debug|Any CPU.Build.0 = Debug|Any CPU
		{DA03B999-A8A1-4E4C-9C68-8F610D76BBBB}.Release|Any CPU.ActiveCfg = Release|Any CPU
		{DA03B999-A8A1-4E4C-9C68-8F610D76BBBB}.Release|Any CPU.Build.0 = Release|Any CPU
		{56A8F653-8D07-4CED-BCAC-5E4F1C828B04}.Debug|Any CPU.ActiveCfg = Debug|Any CPU
		{56A8F653-8D07-4CED-BCAC-5E4F1C828B04}.Debug|Any CPU.Build.0 = Debug|Any CPU
		{56A8F653-8D07-4CED-BCAC-5E4F1C828B04}.Release|Any CPU.ActiveCfg = Release|Any CPU
		{56A8F653-8D07-4CED-BCAC-5E4F1C828B04}.Release|Any CPU.Build.0 = Release|Any CPU
		{37EF51FB-7490-4EE8-A952-3EE333A6C44C}.Debug|Any CPU.ActiveCfg = Debug|Any CPU
		{37EF51FB-7490-4EE8-A952-3EE333A6C44C}.Debug|Any CPU.Build.0 = Debug|Any CPU
		{37EF51FB-7490-4EE8-A952-3EE333A6C44C}.Release|Any CPU.ActiveCfg = Release|Any CPU
		{37EF51FB-7490-4EE8-A952-3EE333A6C44C}.Release|Any CPU.Build.0 = Release|Any CPU
		{85D423B8-A6D2-46D1-9351-3397ACA2B9E0}.Debug|Any CPU.ActiveCfg = Debug|Any CPU
		{85D423B8-A6D2-46D1-9351-3397ACA2B9E0}.Debug|Any CPU.Build.0 = Debug|Any CPU
		{85D423B8-A6D2-46D1-9351-3397ACA2B9E0}.Release|Any CPU.ActiveCfg = Release|Any CPU
		{85D423B8-A6D2-46D1-9351-3397ACA2B9E0}.Release|Any CPU.Build.0 = Release|Any CPU
	EndGlobalSection
	GlobalSection(SolutionProperties) = preSolution
		HideSolutionNode = FALSE
	EndGlobalSection
	GlobalSection(ExtensibilityGlobals) = postSolution
		SolutionGuid = {479ADED4-9DA5-4C65-9967-DC7A0ADE2C39}
	EndGlobalSection
EndGlobal
